
Microsoft Visual Studio Solution File, Format Version 12.00
# Visual Studio Version 16
VisualStudioVersion = 16.0.31702.278
MinimumVisualStudioVersion = 10.0.40219.1
Project("{8BC9CEB8-8B4A-11D0-8D11-00A0C91BC942}") = "Auto", "Auto\Auto.vcxproj", "{BAF53DD1-8B26-46EA-9475-53F0148FB4E6}"
EndProject
Project("{8BC9CEB8-8B4A-11D0-8D11-00A0C91BC942}") = "20220317_RangeBasedFor", "RangeBasedFor\RangeBasedFor.vcxproj", "{5E9A63B4-D145-44AE-9254-53BB0230CB3F}"
EndProject
Project("{8BC9CEB8-8B4A-11D0-8D11-00A0C91BC942}") = "decltype", "TypeID\TypeID.vcxproj", "{26DEF8AA-C397-4D3B-B950-0DA1E8EC4E17}"
EndProject
Project("{8BC9CEB8-8B4A-11D0-8D11-00A0C91BC942}") = "ValueCategory", "ValueCategory\ValueCategory.vcxproj", "{BBA658DB-F462-4064-AE74-C36796FF606D}"
EndProject
Project("{8BC9CEB8-8B4A-11D0-8D11-00A0C91BC942}") = "ValueCategory_Move", "ValueCategory_Move\ValueCategory_Move.vcxproj", "{C843DA85-307F-481F-A591-2B1386DAB745}"
EndProject
Project("{8BC9CEB8-8B4A-11D0-8D11-00A0C91BC942}") = "ValueCatefory_MoveConstructor", "ValueCatefory_MoveConstructor\ValueCatefory_MoveConstructor.vcxproj", "{A9F5B183-9019-46CD-813E-65107993BA6C}"
EndProject
Project("{8BC9CEB8-8B4A-11D0-8D11-00A0C91BC942}") = "ValueCatefory_Forward", "ValueCatefory_Forward\ValueCatefory_Forward.vcxproj", "{DED3DB16-4F5E-4835-B4DE-201E669EA181}"
EndProject
Project("{8BC9CEB8-8B4A-11D0-8D11-00A0C91BC942}") = "ValueCategory_Template", "ValueCategory_Template\ValueCategory_Template.vcxproj", "{4C8ABBE1-92B8-4E8D-9E90-95B969C66432}"
EndProject
Project("{8BC9CEB8-8B4A-11D0-8D11-00A0C91BC942}") = "TemporaryObject", "TemporaryObject\TemporaryObject.vcxproj", "{1D3F26AD-A96B-424E-BF1F-F59447FB332E}"
EndProject
Project("{8BC9CEB8-8B4A-11D0-8D11-00A0C91BC942}") = "CopyElision", "CopyElision\CopyElision.vcxproj", "{0E384A79-A32E-4DE4-99A3-418DC03C719D}"
EndProject
Project("{8BC9CEB8-8B4A-11D0-8D11-00A0C91BC942}") = "Uniform_Init", "UniformInit\UniformInit.vcxproj", "{DD23C0FF-46DC-4B98-A5ED-0A9BCB475139}"
EndProject
Project("{8BC9CEB8-8B4A-11D0-8D11-00A0C91BC942}") = "NULL_Nullptr", "NULL_Nullptr\NULL_Nullptr.vcxproj", "{E75A3959-2F70-4B3D-BDF9-123A97DB22FA}"
EndProject
Project("{8BC9CEB8-8B4A-11D0-8D11-00A0C91BC942}") = "20220414_Smart_Pointer", "Smart_Pointer\Smart_Pointer.vcxproj", "{D0D193FE-92C7-46CD-A6CE-6A006C19FC48}"
EndProject
Project("{8BC9CEB8-8B4A-11D0-8D11-00A0C91BC942}") = "20220421_unique_ptr", "20220421_unique_ptr\20220421_unique_ptr.vcxproj", "{DABF613D-BE79-4CA6-B93A-D18D1553B985}"
EndProject
Project("{8BC9CEB8-8B4A-11D0-8D11-00A0C91BC942}") = "20220421_custom_deleter", "20220421_custom_deleter\20220421_custom_deleter.vcxproj", "{B69BA9D8-ABE7-4354-937A-A9172F29C7F6}"
EndProject
Project("{8BC9CEB8-8B4A-11D0-8D11-00A0C91BC942}") = "20220421_shared_ptr", "20220421_shared_ptr\20220421_shared_ptr.vcxproj", "{498CFED1-8166-4C43-9912-DE2F4CB4097E}"
EndProject
Project("{8BC9CEB8-8B4A-11D0-8D11-00A0C91BC942}") = "20220428_weak_ptr", "20220428_weak_ptr\20220428_weak_ptr.vcxproj", "{1B225100-584E-4503-9665-15A8AEA06253}"
EndProject
Project("{8BC9CEB8-8B4A-11D0-8D11-00A0C91BC942}") = "20220428_enum", "20220428_enum\20220428_enum.vcxproj", "{FFC70E82-81D6-42BA-A758-E30C7A38FBA1}"
EndProject
Project("{8BC9CEB8-8B4A-11D0-8D11-00A0C91BC942}") = "20220428_override", "20220428_override\20220428_override.vcxproj", "{BBB3B486-8894-4BD5-95AE-BD523AAF21E4}"
EndProject
Project("{8BC9CEB8-8B4A-11D0-8D11-00A0C91BC942}") = "20220428_ReferenceQualifier", "20220428_ReferenceQualifier\20220428_ReferenceQualifier.vcxproj", "{59FA0710-7FF7-404D-8694-EF4F026B6ADA}"
EndProject
Project("{8BC9CEB8-8B4A-11D0-8D11-00A0C91BC942}") = "20220428_const", "20220428_const\20220428_const.vcxproj", "{031E41AC-7EFF-4FC1-9F0E-9E8FDC20E751}"
EndProject
Project("{8BC9CEB8-8B4A-11D0-8D11-00A0C91BC942}") = "20220512_noexcept", "20220512_noexcept\20220512_noexcept.vcxproj", "{24EEE04E-CEAA-468D-A344-75C5BD7DE104}"
EndProject
Project("{8BC9CEB8-8B4A-11D0-8D11-00A0C91BC942}") = "20220512_default", "20220512_default\20220512_default.vcxproj", "{B1E32D50-56F8-4EF8-861F-CF91E8DBA356}"
EndProject
Project("{8BC9CEB8-8B4A-11D0-8D11-00A0C91BC942}") = "20220512_Lambda", "20220512_Lambda\20220512_Lambda.vcxproj", "{F9A0F50C-C2B9-42B8-9461-046B67EA9111}"
EndProject
Global
	GlobalSection(SolutionConfigurationPlatforms) = preSolution
		Debug|x64 = Debug|x64
		Debug|x86 = Debug|x86
		Release|x64 = Release|x64
		Release|x86 = Release|x86
	EndGlobalSection
	GlobalSection(ProjectConfigurationPlatforms) = postSolution
		{BAF53DD1-8B26-46EA-9475-53F0148FB4E6}.Debug|x64.ActiveCfg = Debug|x64
		{BAF53DD1-8B26-46EA-9475-53F0148FB4E6}.Debug|x64.Build.0 = Debug|x64
		{BAF53DD1-8B26-46EA-9475-53F0148FB4E6}.Debug|x86.ActiveCfg = Debug|Win32
		{BAF53DD1-8B26-46EA-9475-53F0148FB4E6}.Debug|x86.Build.0 = Debug|Win32
		{BAF53DD1-8B26-46EA-9475-53F0148FB4E6}.Release|x64.ActiveCfg = Release|x64
		{BAF53DD1-8B26-46EA-9475-53F0148FB4E6}.Release|x64.Build.0 = Release|x64
		{BAF53DD1-8B26-46EA-9475-53F0148FB4E6}.Release|x86.ActiveCfg = Release|Win32
		{BAF53DD1-8B26-46EA-9475-53F0148FB4E6}.Release|x86.Build.0 = Release|Win32
		{5E9A63B4-D145-44AE-9254-53BB0230CB3F}.Debug|x64.ActiveCfg = Debug|x64
		{5E9A63B4-D145-44AE-9254-53BB0230CB3F}.Debug|x64.Build.0 = Debug|x64
		{5E9A63B4-D145-44AE-9254-53BB0230CB3F}.Debug|x86.ActiveCfg = Debug|Win32
		{5E9A63B4-D145-44AE-9254-53BB0230CB3F}.Debug|x86.Build.0 = Debug|Win32
		{5E9A63B4-D145-44AE-9254-53BB0230CB3F}.Release|x64.ActiveCfg = Release|x64
		{5E9A63B4-D145-44AE-9254-53BB0230CB3F}.Release|x64.Build.0 = Release|x64
		{5E9A63B4-D145-44AE-9254-53BB0230CB3F}.Release|x86.ActiveCfg = Release|Win32
		{5E9A63B4-D145-44AE-9254-53BB0230CB3F}.Release|x86.Build.0 = Release|Win32
		{26DEF8AA-C397-4D3B-B950-0DA1E8EC4E17}.Debug|x64.ActiveCfg = Debug|x64
		{26DEF8AA-C397-4D3B-B950-0DA1E8EC4E17}.Debug|x64.Build.0 = Debug|x64
		{26DEF8AA-C397-4D3B-B950-0DA1E8EC4E17}.Debug|x86.ActiveCfg = Debug|Win32
		{26DEF8AA-C397-4D3B-B950-0DA1E8EC4E17}.Debug|x86.Build.0 = Debug|Win32
		{26DEF8AA-C397-4D3B-B950-0DA1E8EC4E17}.Release|x64.ActiveCfg = Release|x64
		{26DEF8AA-C397-4D3B-B950-0DA1E8EC4E17}.Release|x64.Build.0 = Release|x64
		{26DEF8AA-C397-4D3B-B950-0DA1E8EC4E17}.Release|x86.ActiveCfg = Release|Win32
		{26DEF8AA-C397-4D3B-B950-0DA1E8EC4E17}.Release|x86.Build.0 = Release|Win32
		{BBA658DB-F462-4064-AE74-C36796FF606D}.Debug|x64.ActiveCfg = Debug|x64
		{BBA658DB-F462-4064-AE74-C36796FF606D}.Debug|x64.Build.0 = Debug|x64
		{BBA658DB-F462-4064-AE74-C36796FF606D}.Debug|x86.ActiveCfg = Debug|Win32
		{BBA658DB-F462-4064-AE74-C36796FF606D}.Debug|x86.Build.0 = Debug|Win32
		{BBA658DB-F462-4064-AE74-C36796FF606D}.Release|x64.ActiveCfg = Release|x64
		{BBA658DB-F462-4064-AE74-C36796FF606D}.Release|x64.Build.0 = Release|x64
		{BBA658DB-F462-4064-AE74-C36796FF606D}.Release|x86.ActiveCfg = Release|Win32
		{BBA658DB-F462-4064-AE74-C36796FF606D}.Release|x86.Build.0 = Release|Win32
		{C843DA85-307F-481F-A591-2B1386DAB745}.Debug|x64.ActiveCfg = Debug|x64
		{C843DA85-307F-481F-A591-2B1386DAB745}.Debug|x64.Build.0 = Debug|x64
		{C843DA85-307F-481F-A591-2B1386DAB745}.Debug|x86.ActiveCfg = Debug|Win32
		{C843DA85-307F-481F-A591-2B1386DAB745}.Debug|x86.Build.0 = Debug|Win32
		{C843DA85-307F-481F-A591-2B1386DAB745}.Release|x64.ActiveCfg = Release|x64
		{C843DA85-307F-481F-A591-2B1386DAB745}.Release|x64.Build.0 = Release|x64
		{C843DA85-307F-481F-A591-2B1386DAB745}.Release|x86.ActiveCfg = Release|Win32
		{C843DA85-307F-481F-A591-2B1386DAB745}.Release|x86.Build.0 = Release|Win32
		{A9F5B183-9019-46CD-813E-65107993BA6C}.Debug|x64.ActiveCfg = Debug|x64
		{A9F5B183-9019-46CD-813E-65107993BA6C}.Debug|x64.Build.0 = Debug|x64
		{A9F5B183-9019-46CD-813E-65107993BA6C}.Debug|x86.ActiveCfg = Debug|Win32
		{A9F5B183-9019-46CD-813E-65107993BA6C}.Debug|x86.Build.0 = Debug|Win32
		{A9F5B183-9019-46CD-813E-65107993BA6C}.Release|x64.ActiveCfg = Release|x64
		{A9F5B183-9019-46CD-813E-65107993BA6C}.Release|x64.Build.0 = Release|x64
		{A9F5B183-9019-46CD-813E-65107993BA6C}.Release|x86.ActiveCfg = Release|Win32
		{A9F5B183-9019-46CD-813E-65107993BA6C}.Release|x86.Build.0 = Release|Win32
		{DED3DB16-4F5E-4835-B4DE-201E669EA181}.Debug|x64.ActiveCfg = Debug|x64
		{DED3DB16-4F5E-4835-B4DE-201E669EA181}.Debug|x64.Build.0 = Debug|x64
		{DED3DB16-4F5E-4835-B4DE-201E669EA181}.Debug|x86.ActiveCfg = Debug|Win32
		{DED3DB16-4F5E-4835-B4DE-201E669EA181}.Debug|x86.Build.0 = Debug|Win32
		{DED3DB16-4F5E-4835-B4DE-201E669EA181}.Release|x64.ActiveCfg = Release|x64
		{DED3DB16-4F5E-4835-B4DE-201E669EA181}.Release|x64.Build.0 = Release|x64
		{DED3DB16-4F5E-4835-B4DE-201E669EA181}.Release|x86.ActiveCfg = Release|Win32
		{DED3DB16-4F5E-4835-B4DE-201E669EA181}.Release|x86.Build.0 = Release|Win32
		{4C8ABBE1-92B8-4E8D-9E90-95B969C66432}.Debug|x64.ActiveCfg = Debug|x64
		{4C8ABBE1-92B8-4E8D-9E90-95B969C66432}.Debug|x64.Build.0 = Debug|x64
		{4C8ABBE1-92B8-4E8D-9E90-95B969C66432}.Debug|x86.ActiveCfg = Debug|Win32
		{4C8ABBE1-92B8-4E8D-9E90-95B969C66432}.Debug|x86.Build.0 = Debug|Win32
		{4C8ABBE1-92B8-4E8D-9E90-95B969C66432}.Release|x64.ActiveCfg = Release|x64
		{4C8ABBE1-92B8-4E8D-9E90-95B969C66432}.Release|x64.Build.0 = Release|x64
		{4C8ABBE1-92B8-4E8D-9E90-95B969C66432}.Release|x86.ActiveCfg = Release|Win32
		{4C8ABBE1-92B8-4E8D-9E90-95B969C66432}.Release|x86.Build.0 = Release|Win32
		{1D3F26AD-A96B-424E-BF1F-F59447FB332E}.Debug|x64.ActiveCfg = Debug|x64
		{1D3F26AD-A96B-424E-BF1F-F59447FB332E}.Debug|x64.Build.0 = Debug|x64
		{1D3F26AD-A96B-424E-BF1F-F59447FB332E}.Debug|x86.ActiveCfg = Debug|Win32
		{1D3F26AD-A96B-424E-BF1F-F59447FB332E}.Debug|x86.Build.0 = Debug|Win32
		{1D3F26AD-A96B-424E-BF1F-F59447FB332E}.Release|x64.ActiveCfg = Release|x64
		{1D3F26AD-A96B-424E-BF1F-F59447FB332E}.Release|x64.Build.0 = Release|x64
		{1D3F26AD-A96B-424E-BF1F-F59447FB332E}.Release|x86.ActiveCfg = Release|Win32
		{1D3F26AD-A96B-424E-BF1F-F59447FB332E}.Release|x86.Build.0 = Release|Win32
		{0E384A79-A32E-4DE4-99A3-418DC03C719D}.Debug|x64.ActiveCfg = Debug|x64
		{0E384A79-A32E-4DE4-99A3-418DC03C719D}.Debug|x64.Build.0 = Debug|x64
		{0E384A79-A32E-4DE4-99A3-418DC03C719D}.Debug|x86.ActiveCfg = Debug|Win32
		{0E384A79-A32E-4DE4-99A3-418DC03C719D}.Debug|x86.Build.0 = Debug|Win32
		{0E384A79-A32E-4DE4-99A3-418DC03C719D}.Release|x64.ActiveCfg = Release|x64
		{0E384A79-A32E-4DE4-99A3-418DC03C719D}.Release|x64.Build.0 = Release|x64
		{0E384A79-A32E-4DE4-99A3-418DC03C719D}.Release|x86.ActiveCfg = Release|Win32
		{0E384A79-A32E-4DE4-99A3-418DC03C719D}.Release|x86.Build.0 = Release|Win32
		{DD23C0FF-46DC-4B98-A5ED-0A9BCB475139}.Debug|x64.ActiveCfg = Debug|x64
		{DD23C0FF-46DC-4B98-A5ED-0A9BCB475139}.Debug|x64.Build.0 = Debug|x64
		{DD23C0FF-46DC-4B98-A5ED-0A9BCB475139}.Debug|x86.ActiveCfg = Debug|Win32
		{DD23C0FF-46DC-4B98-A5ED-0A9BCB475139}.Debug|x86.Build.0 = Debug|Win32
		{DD23C0FF-46DC-4B98-A5ED-0A9BCB475139}.Release|x64.ActiveCfg = Release|x64
		{DD23C0FF-46DC-4B98-A5ED-0A9BCB475139}.Release|x64.Build.0 = Release|x64
		{DD23C0FF-46DC-4B98-A5ED-0A9BCB475139}.Release|x86.ActiveCfg = Release|Win32
		{DD23C0FF-46DC-4B98-A5ED-0A9BCB475139}.Release|x86.Build.0 = Release|Win32
		{E75A3959-2F70-4B3D-BDF9-123A97DB22FA}.Debug|x64.ActiveCfg = Debug|x64
		{E75A3959-2F70-4B3D-BDF9-123A97DB22FA}.Debug|x64.Build.0 = Debug|x64
		{E75A3959-2F70-4B3D-BDF9-123A97DB22FA}.Debug|x86.ActiveCfg = Debug|Win32
		{E75A3959-2F70-4B3D-BDF9-123A97DB22FA}.Debug|x86.Build.0 = Debug|Win32
		{E75A3959-2F70-4B3D-BDF9-123A97DB22FA}.Release|x64.ActiveCfg = Release|x64
		{E75A3959-2F70-4B3D-BDF9-123A97DB22FA}.Release|x64.Build.0 = Release|x64
		{E75A3959-2F70-4B3D-BDF9-123A97DB22FA}.Release|x86.ActiveCfg = Release|Win32
		{E75A3959-2F70-4B3D-BDF9-123A97DB22FA}.Release|x86.Build.0 = Release|Win32
		{D0D193FE-92C7-46CD-A6CE-6A006C19FC48}.Debug|x64.ActiveCfg = Debug|x64
		{D0D193FE-92C7-46CD-A6CE-6A006C19FC48}.Debug|x64.Build.0 = Debug|x64
		{D0D193FE-92C7-46CD-A6CE-6A006C19FC48}.Debug|x86.ActiveCfg = Debug|Win32
		{D0D193FE-92C7-46CD-A6CE-6A006C19FC48}.Debug|x86.Build.0 = Debug|Win32
		{D0D193FE-92C7-46CD-A6CE-6A006C19FC48}.Release|x64.ActiveCfg = Release|x64
		{D0D193FE-92C7-46CD-A6CE-6A006C19FC48}.Release|x64.Build.0 = Release|x64
		{D0D193FE-92C7-46CD-A6CE-6A006C19FC48}.Release|x86.ActiveCfg = Release|Win32
		{D0D193FE-92C7-46CD-A6CE-6A006C19FC48}.Release|x86.Build.0 = Release|Win32
		{DABF613D-BE79-4CA6-B93A-D18D1553B985}.Debug|x64.ActiveCfg = Debug|x64
		{DABF613D-BE79-4CA6-B93A-D18D1553B985}.Debug|x64.Build.0 = Debug|x64
		{DABF613D-BE79-4CA6-B93A-D18D1553B985}.Debug|x86.ActiveCfg = Debug|Win32
		{DABF613D-BE79-4CA6-B93A-D18D1553B985}.Debug|x86.Build.0 = Debug|Win32
		{DABF613D-BE79-4CA6-B93A-D18D1553B985}.Release|x64.ActiveCfg = Release|x64
		{DABF613D-BE79-4CA6-B93A-D18D1553B985}.Release|x64.Build.0 = Release|x64
		{DABF613D-BE79-4CA6-B93A-D18D1553B985}.Release|x86.ActiveCfg = Release|Win32
		{DABF613D-BE79-4CA6-B93A-D18D1553B985}.Release|x86.Build.0 = Release|Win32
		{B69BA9D8-ABE7-4354-937A-A9172F29C7F6}.Debug|x64.ActiveCfg = Debug|x64
		{B69BA9D8-ABE7-4354-937A-A9172F29C7F6}.Debug|x64.Build.0 = Debug|x64
		{B69BA9D8-ABE7-4354-937A-A9172F29C7F6}.Debug|x86.ActiveCfg = Debug|Win32
		{B69BA9D8-ABE7-4354-937A-A9172F29C7F6}.Debug|x86.Build.0 = Debug|Win32
		{B69BA9D8-ABE7-4354-937A-A9172F29C7F6}.Release|x64.ActiveCfg = Release|x64
		{B69BA9D8-ABE7-4354-937A-A9172F29C7F6}.Release|x64.Build.0 = Release|x64
		{B69BA9D8-ABE7-4354-937A-A9172F29C7F6}.Release|x86.ActiveCfg = Release|Win32
		{B69BA9D8-ABE7-4354-937A-A9172F29C7F6}.Release|x86.Build.0 = Release|Win32
		{498CFED1-8166-4C43-9912-DE2F4CB4097E}.Debug|x64.ActiveCfg = Debug|x64
		{498CFED1-8166-4C43-9912-DE2F4CB4097E}.Debug|x64.Build.0 = Debug|x64
		{498CFED1-8166-4C43-9912-DE2F4CB4097E}.Debug|x86.ActiveCfg = Debug|Win32
		{498CFED1-8166-4C43-9912-DE2F4CB4097E}.Debug|x86.Build.0 = Debug|Win32
		{498CFED1-8166-4C43-9912-DE2F4CB4097E}.Release|x64.ActiveCfg = Release|x64
		{498CFED1-8166-4C43-9912-DE2F4CB4097E}.Release|x64.Build.0 = Release|x64
		{498CFED1-8166-4C43-9912-DE2F4CB4097E}.Release|x86.ActiveCfg = Release|Win32
		{498CFED1-8166-4C43-9912-DE2F4CB4097E}.Release|x86.Build.0 = Release|Win32
		{1B225100-584E-4503-9665-15A8AEA06253}.Debug|x64.ActiveCfg = Debug|x64
		{1B225100-584E-4503-9665-15A8AEA06253}.Debug|x64.Build.0 = Debug|x64
		{1B225100-584E-4503-9665-15A8AEA06253}.Debug|x86.ActiveCfg = Debug|Win32
		{1B225100-584E-4503-9665-15A8AEA06253}.Debug|x86.Build.0 = Debug|Win32
		{1B225100-584E-4503-9665-15A8AEA06253}.Release|x64.ActiveCfg = Release|x64
		{1B225100-584E-4503-9665-15A8AEA06253}.Release|x64.Build.0 = Release|x64
		{1B225100-584E-4503-9665-15A8AEA06253}.Release|x86.ActiveCfg = Release|Win32
		{1B225100-584E-4503-9665-15A8AEA06253}.Release|x86.Build.0 = Release|Win32
		{FFC70E82-81D6-42BA-A758-E30C7A38FBA1}.Debug|x64.ActiveCfg = Debug|x64
		{FFC70E82-81D6-42BA-A758-E30C7A38FBA1}.Debug|x64.Build.0 = Debug|x64
		{FFC70E82-81D6-42BA-A758-E30C7A38FBA1}.Debug|x86.ActiveCfg = Debug|Win32
		{FFC70E82-81D6-42BA-A758-E30C7A38FBA1}.Debug|x86.Build.0 = Debug|Win32
		{FFC70E82-81D6-42BA-A758-E30C7A38FBA1}.Release|x64.ActiveCfg = Release|x64
		{FFC70E82-81D6-42BA-A758-E30C7A38FBA1}.Release|x64.Build.0 = Release|x64
		{FFC70E82-81D6-42BA-A758-E30C7A38FBA1}.Release|x86.ActiveCfg = Release|Win32
		{FFC70E82-81D6-42BA-A758-E30C7A38FBA1}.Release|x86.Build.0 = Release|Win32
		{BBB3B486-8894-4BD5-95AE-BD523AAF21E4}.Debug|x64.ActiveCfg = Debug|x64
		{BBB3B486-8894-4BD5-95AE-BD523AAF21E4}.Debug|x64.Build.0 = Debug|x64
		{BBB3B486-8894-4BD5-95AE-BD523AAF21E4}.Debug|x86.ActiveCfg = Debug|Win32
		{BBB3B486-8894-4BD5-95AE-BD523AAF21E4}.Debug|x86.Build.0 = Debug|Win32
		{BBB3B486-8894-4BD5-95AE-BD523AAF21E4}.Release|x64.ActiveCfg = Release|x64
		{BBB3B486-8894-4BD5-95AE-BD523AAF21E4}.Release|x64.Build.0 = Release|x64
		{BBB3B486-8894-4BD5-95AE-BD523AAF21E4}.Release|x86.ActiveCfg = Release|Win32
		{BBB3B486-8894-4BD5-95AE-BD523AAF21E4}.Release|x86.Build.0 = Release|Win32
		{59FA0710-7FF7-404D-8694-EF4F026B6ADA}.Debug|x64.ActiveCfg = Debug|x64
		{59FA0710-7FF7-404D-8694-EF4F026B6ADA}.Debug|x64.Build.0 = Debug|x64
		{59FA0710-7FF7-404D-8694-EF4F026B6ADA}.Debug|x86.ActiveCfg = Debug|Win32
		{59FA0710-7FF7-404D-8694-EF4F026B6ADA}.Debug|x86.Build.0 = Debug|Win32
		{59FA0710-7FF7-404D-8694-EF4F026B6ADA}.Release|x64.ActiveCfg = Release|x64
		{59FA0710-7FF7-404D-8694-EF4F026B6ADA}.Release|x64.Build.0 = Release|x64
		{59FA0710-7FF7-404D-8694-EF4F026B6ADA}.Release|x86.ActiveCfg = Release|Win32
		{59FA0710-7FF7-404D-8694-EF4F026B6ADA}.Release|x86.Build.0 = Release|Win32
		{031E41AC-7EFF-4FC1-9F0E-9E8FDC20E751}.Debug|x64.ActiveCfg = Debug|x64
		{031E41AC-7EFF-4FC1-9F0E-9E8FDC20E751}.Debug|x64.Build.0 = Debug|x64
		{031E41AC-7EFF-4FC1-9F0E-9E8FDC20E751}.Debug|x86.ActiveCfg = Debug|Win32
		{031E41AC-7EFF-4FC1-9F0E-9E8FDC20E751}.Debug|x86.Build.0 = Debug|Win32
		{031E41AC-7EFF-4FC1-9F0E-9E8FDC20E751}.Release|x64.ActiveCfg = Release|x64
		{031E41AC-7EFF-4FC1-9F0E-9E8FDC20E751}.Release|x64.Build.0 = Release|x64
		{031E41AC-7EFF-4FC1-9F0E-9E8FDC20E751}.Release|x86.ActiveCfg = Release|Win32
		{031E41AC-7EFF-4FC1-9F0E-9E8FDC20E751}.Release|x86.Build.0 = Release|Win32
		{24EEE04E-CEAA-468D-A344-75C5BD7DE104}.Debug|x64.ActiveCfg = Debug|x64
		{24EEE04E-CEAA-468D-A344-75C5BD7DE104}.Debug|x64.Build.0 = Debug|x64
		{24EEE04E-CEAA-468D-A344-75C5BD7DE104}.Debug|x86.ActiveCfg = Debug|Win32
		{24EEE04E-CEAA-468D-A344-75C5BD7DE104}.Debug|x86.Build.0 = Debug|Win32
		{24EEE04E-CEAA-468D-A344-75C5BD7DE104}.Release|x64.ActiveCfg = Release|x64
		{24EEE04E-CEAA-468D-A344-75C5BD7DE104}.Release|x64.Build.0 = Release|x64
		{24EEE04E-CEAA-468D-A344-75C5BD7DE104}.Release|x86.ActiveCfg = Release|Win32
		{24EEE04E-CEAA-468D-A344-75C5BD7DE104}.Release|x86.Build.0 = Release|Win32
		{B1E32D50-56F8-4EF8-861F-CF91E8DBA356}.Debug|x64.ActiveCfg = Debug|x64
		{B1E32D50-56F8-4EF8-861F-CF91E8DBA356}.Debug|x64.Build.0 = Debug|x64
		{B1E32D50-56F8-4EF8-861F-CF91E8DBA356}.Debug|x86.ActiveCfg = Debug|Win32
		{B1E32D50-56F8-4EF8-861F-CF91E8DBA356}.Debug|x86.Build.0 = Debug|Win32
		{B1E32D50-56F8-4EF8-861F-CF91E8DBA356}.Release|x64.ActiveCfg = Release|x64
		{B1E32D50-56F8-4EF8-861F-CF91E8DBA356}.Release|x64.Build.0 = Release|x64
		{B1E32D50-56F8-4EF8-861F-CF91E8DBA356}.Release|x86.ActiveCfg = Release|Win32
		{B1E32D50-56F8-4EF8-861F-CF91E8DBA356}.Release|x86.Build.0 = Release|Win32
		{F9A0F50C-C2B9-42B8-9461-046B67EA9111}.Debug|x64.ActiveCfg = Debug|x64
		{F9A0F50C-C2B9-42B8-9461-046B67EA9111}.Debug|x64.Build.0 = Debug|x64
		{F9A0F50C-C2B9-42B8-9461-046B67EA9111}.Debug|x86.ActiveCfg = Debug|Win32
		{F9A0F50C-C2B9-42B8-9461-046B67EA9111}.Debug|x86.Build.0 = Debug|Win32
		{F9A0F50C-C2B9-42B8-9461-046B67EA9111}.Release|x64.ActiveCfg = Release|x64
		{F9A0F50C-C2B9-42B8-9461-046B67EA9111}.Release|x64.Build.0 = Release|x64
		{F9A0F50C-C2B9-42B8-9461-046B67EA9111}.Release|x86.ActiveCfg = Release|Win32
		{F9A0F50C-C2B9-42B8-9461-046B67EA9111}.Release|x86.Build.0 = Release|Win32
	EndGlobalSection
	GlobalSection(SolutionProperties) = preSolution
		HideSolutionNode = FALSE
	EndGlobalSection
	GlobalSection(ExtensibilityGlobals) = postSolution
		SolutionGuid = {26B58621-A14C-4D7F-913A-AAA431173CF9}
	EndGlobalSection
EndGlobal
